# THIS IS AN AUTOGENERATED FILE. DO NOT EDIT THIS FILE DIRECTLY.
# yarn lockfile v1


"@types/validator@13.0.0":
  version "13.0.0"
  resolved "https://registry.yarnpkg.com/@types/validator/-/validator-13.0.0.tgz#365f1bf936aeaddd0856fc41aa1d6f82d88ee5b3"
  integrity sha512-WAy5txG7aFX8Vw3sloEKp5p/t/Xt8jD3GRD9DacnFv6Vo8ubudAsRTXgxpQwU0mpzY/H8U4db3roDuCMjShBmw==

class-validator@^0.12.1:
  version "0.12.1"
  resolved "https://registry.yarnpkg.com/class-validator/-/class-validator-0.12.1.tgz#9e89a9b7e8288ac07e0b9f5586cc089369d22790"
  integrity sha512-vdhhOk3Juyu1EAyvka0K0rZjwGJf0JJqAeoBkLG0oSHp73HYcELwumHRHGhxydJIhg+qO81HkqrZiC39aajetw==
  dependencies:
    "@types/validator" "13.0.0"
    google-libphonenumber "^3.2.8"
    validator "13.0.0"

google-libphonenumber@^3.2.8:
  version "3.2.8"
  resolved "https://registry.yarnpkg.com/google-libphonenumber/-/google-libphonenumber-3.2.8.tgz#fb5898cbae18104d456e0fd80df52d860a3eb2b8"
  integrity sha512-iWs1KcxOozmKQbCeGjvU0M7urrkNjBYOSBtb819RjkUNJHJLfn7DADKkKwdJTOMPLcLOE11/4h/FyFwJsTiwLg==

typescript@^3.8.3:
  version "3.8.3"
  resolved "https://registry.yarnpkg.com/typescript/-/typescript-3.8.3.tgz#409eb8544ea0335711205869ec458ab109ee1061"
  integrity sha512-MYlEfn5VrLNsgudQTVJeNaQFUAI7DkhnOjdpAp4T+ku1TfQClewlbSuTVHiA+8skNBgaf02TL/kLOvig4y3G8w==

validator@13.0.0:
  version "13.0.0"
  resolved "https://registry.yarnpkg.com/validator/-/validator-13.0.0.tgz#0fb6c6bb5218ea23d368a8347e6d0f5a70e3bcab"
  integrity sha512-anYx5fURbgF04lQV18nEQWZ/3wHGnxiKdG4aL8J+jEDsm98n/sU/bey+tYk6tnGJzm7ioh5FoqrAiQ6m03IgaA==
